
Microsoft Visual Studio Solution File, Format Version 12.00
# Visual Studio Version 16
VisualStudioVersion = 16.0.29709.97
MinimumVisualStudioVersion = 10.0.40219.1
Project("{FAE04EC0-301F-11D3-BF4B-00C04F79EFBC}") = "lessonfuck5-4", "lessonfuck5-4.csproj", "{307BCEC1-FF45-4CA8-B9CA-484BAF454334}"
EndProject
Global
	GlobalSection(SolutionConfigurationPlatforms) = preSolution
		Debug|Any CPU = Debug|Any CPU
		Release|Any CPU = Release|Any CPU
	EndGlobalSection
	GlobalSection(ProjectConfigurationPlatforms) = postSolution
		{307BCEC1-FF45-4CA8-B9CA-484BAF454334}.Debug|Any CPU.ActiveCfg = Debug|Any CPU
		{307BCEC1-FF45-4CA8-B9CA-484BAF454334}.Debug|Any CPU.Build.0 = Debug|Any CPU
		{307BCEC1-FF45-4CA8-B9CA-484BAF454334}.Release|Any CPU.ActiveCfg = Release|Any CPU
		{307BCEC1-FF45-4CA8-B9CA-484BAF454334}.Release|Any CPU.Build.0 = Release|Any CPU
	EndGlobalSection
	GlobalSection(SolutionProperties) = preSolution
		HideSolutionNode = FALSE
	EndGlobalSection
	GlobalSection(ExtensibilityGlobals) = postSolution
		SolutionGuid = {D3DC94EF-489D-48F0-8AAF-3FE9519BE341}
	EndGlobalSection
EndGlobal
