
Microsoft Visual Studio Solution File, Format Version 12.00
# Visual Studio Version 16
VisualStudioVersion = 16.0.29709.97
MinimumVisualStudioVersion = 10.0.40219.1
Project("{FAE04EC0-301F-11D3-BF4B-00C04F79EFBC}") = "lessonfuck5", "lessonfuck5.csproj", "{B8AE05A8-9D8A-46C8-B5C8-89252895FE0A}"
EndProject
Global
	GlobalSection(SolutionConfigurationPlatforms) = preSolution
		Debug|Any CPU = Debug|Any CPU
		Release|Any CPU = Release|Any CPU
	EndGlobalSection
	GlobalSection(ProjectConfigurationPlatforms) = postSolution
		{B8AE05A8-9D8A-46C8-B5C8-89252895FE0A}.Debug|Any CPU.ActiveCfg = Debug|Any CPU
		{B8AE05A8-9D8A-46C8-B5C8-89252895FE0A}.Debug|Any CPU.Build.0 = Debug|Any CPU
		{B8AE05A8-9D8A-46C8-B5C8-89252895FE0A}.Release|Any CPU.ActiveCfg = Release|Any CPU
		{B8AE05A8-9D8A-46C8-B5C8-89252895FE0A}.Release|Any CPU.Build.0 = Release|Any CPU
	EndGlobalSection
	GlobalSection(SolutionProperties) = preSolution
		HideSolutionNode = FALSE
	EndGlobalSection
	GlobalSection(ExtensibilityGlobals) = postSolution
		SolutionGuid = {68B5614A-B4E0-4E20-869D-624164FE08BF}
	EndGlobalSection
EndGlobal
